PODS:
  - Flutter (1.0.0)
  - simple_flutter_apple_pay (0.0.1):
    - Flutter

DEPENDENCIES:
  - Flutter (from `Flutter`)
  - simple_flutter_apple_pay (from `.symlinks/plugins/simple_flutter_apple_pay/ios`)

EXTERNAL SOURCES:
  Flutter:
    :path: Flutter
  simple_flutter_apple_pay:
    :path: ".symlinks/plugins/simple_flutter_apple_pay/ios"

SPEC CHECKSUMS:
  Flutter: 434fef37c0980e73bb6479ef766c45957d4b510c
  simple_flutter_apple_pay: f676e9c37f886aa583078f1ac3df22bbad954502

PODFILE CHECKSUM: ebee4b7fab072a6982ee4940c7116349d02331bb

COCOAPODS: 1.10.2
